
Microsoft Visual Studio Solution File, Format Version 12.00
# Visual Studio Version 17
VisualStudioVersion = 17.9.34622.214
MinimumVisualStudioVersion = 10.0.40219.1
Project("{9A19103F-16F7-4668-BE54-9A1E7A4F7556}") = "Domain", "Domain\Domain.csproj", "{68C6E3C8-7E09-4B73-89FF-998386AA5A61}"
EndProject
Project("{9A19103F-16F7-4668-BE54-9A1E7A4F7556}") = "Application", "Application\Application.csproj", "{A2491F84-7FA0-4DC3-9947-17E9B72DA81D}"
EndProject
Project("{9A19103F-16F7-4668-BE54-9A1E7A4F7556}") = "Infrastructure", "Infrastructure\Infrastructure.csproj", "{D1154BAC-2AC5-4248-B965-88590AA4A5A3}"
EndProject
Project("{9A19103F-16F7-4668-BE54-9A1E7A4F7556}") = "WebAPI", "WebAPI\WebAPI.csproj", "{E9D75914-4473-44F3-A4E4-4773A968AF7F}"
EndProject
Project("{9A19103F-16F7-4668-BE54-9A1E7A4F7556}") = "WebAssembly", "WebAssembly\WebAssembly.csproj", "{59F29975-4C09-4E10-8584-2B0CEC15F39E}"
EndProject
Project("{2150E333-8FDC-42A3-9474-1A3956D46DE8}") = "src", "src", "{2A46CADD-4F58-4382-9FBE-C04029BCB7DD}"
EndProject
Project("{2150E333-8FDC-42A3-9474-1A3956D46DE8}") = "WebApi", "WebApi", "{4041E01C-633D-4870-977B-658AECE0DCC3}"
EndProject
Project("{2150E333-8FDC-42A3-9474-1A3956D46DE8}") = "BlazorWebAssembly", "BlazorWebAssembly", "{32148677-C02C-4550-8551-95E7EFBAA8AC}"
EndProject
Project("{2150E333-8FDC-42A3-9474-1A3956D46DE8}") = "tests", "tests", "{FBFECA41-974F-442B-A5F1-E9A7469F973C}"
EndProject
Project("{9A19103F-16F7-4668-BE54-9A1E7A4F7556}") = "Application.UnitTests", "Application.UnitTests\Application.UnitTests.csproj", "{99BABA38-33F6-417E-9F6C-35688396996C}"
EndProject
Project("{E53339B2-1760-4266-BCC7-CA923CBCF16C}") = "docker-compose", "docker-compose.dcproj", "{A29CFC0D-B2A9-4C4D-BD76-CD1AF1EA4F42}"
EndProject
Project("{FAE04EC0-301F-11D3-BF4B-00C04F79EFBC}") = "Application.IntegrationTests", "Application.IntegrationTests\Application.IntegrationTests.csproj", "{77D93B72-F82E-45A4-9541-F7EA027D0D63}"
EndProject
Project("{FAE04EC0-301F-11D3-BF4B-00C04F79EFBC}") = "WebAPI.FunctionalTests", "WebAPI.FunctionalTests\WebAPI.FunctionalTests.csproj", "{78285845-8BFC-47EA-AE42-D8557758429B}"
EndProject
Global
	GlobalSection(SolutionConfigurationPlatforms) = preSolution
		Debug|Any CPU = Debug|Any CPU
		Release|Any CPU = Release|Any CPU
	EndGlobalSection
	GlobalSection(ProjectConfigurationPlatforms) = postSolution
		{68C6E3C8-7E09-4B73-89FF-998386AA5A61}.Debug|Any CPU.ActiveCfg = Debug|Any CPU
		{68C6E3C8-7E09-4B73-89FF-998386AA5A61}.Debug|Any CPU.Build.0 = Debug|Any CPU
		{68C6E3C8-7E09-4B73-89FF-998386AA5A61}.Release|Any CPU.ActiveCfg = Release|Any CPU
		{68C6E3C8-7E09-4B73-89FF-998386AA5A61}.Release|Any CPU.Build.0 = Release|Any CPU
		{A2491F84-7FA0-4DC3-9947-17E9B72DA81D}.Debug|Any CPU.ActiveCfg = Debug|Any CPU
		{A2491F84-7FA0-4DC3-9947-17E9B72DA81D}.Debug|Any CPU.Build.0 = Debug|Any CPU
		{A2491F84-7FA0-4DC3-9947-17E9B72DA81D}.Release|Any CPU.ActiveCfg = Release|Any CPU
		{A2491F84-7FA0-4DC3-9947-17E9B72DA81D}.Release|Any CPU.Build.0 = Release|Any CPU
		{D1154BAC-2AC5-4248-B965-88590AA4A5A3}.Debug|Any CPU.ActiveCfg = Debug|Any CPU
		{D1154BAC-2AC5-4248-B965-88590AA4A5A3}.Debug|Any CPU.Build.0 = Debug|Any CPU
		{D1154BAC-2AC5-4248-B965-88590AA4A5A3}.Release|Any CPU.ActiveCfg = Release|Any CPU
		{D1154BAC-2AC5-4248-B965-88590AA4A5A3}.Release|Any CPU.Build.0 = Release|Any CPU
		{E9D75914-4473-44F3-A4E4-4773A968AF7F}.Debug|Any CPU.ActiveCfg = Debug|Any CPU
		{E9D75914-4473-44F3-A4E4-4773A968AF7F}.Debug|Any CPU.Build.0 = Debug|Any CPU
		{E9D75914-4473-44F3-A4E4-4773A968AF7F}.Release|Any CPU.ActiveCfg = Release|Any CPU
		{E9D75914-4473-44F3-A4E4-4773A968AF7F}.Release|Any CPU.Build.0 = Release|Any CPU
		{59F29975-4C09-4E10-8584-2B0CEC15F39E}.Debug|Any CPU.ActiveCfg = Debug|Any CPU
		{59F29975-4C09-4E10-8584-2B0CEC15F39E}.Debug|Any CPU.Build.0 = Debug|Any CPU
		{59F29975-4C09-4E10-8584-2B0CEC15F39E}.Release|Any CPU.ActiveCfg = Release|Any CPU
		{59F29975-4C09-4E10-8584-2B0CEC15F39E}.Release|Any CPU.Build.0 = Release|Any CPU
		{99BABA38-33F6-417E-9F6C-35688396996C}.Debug|Any CPU.ActiveCfg = Debug|Any CPU
		{99BABA38-33F6-417E-9F6C-35688396996C}.Debug|Any CPU.Build.0 = Debug|Any CPU
		{99BABA38-33F6-417E-9F6C-35688396996C}.Release|Any CPU.ActiveCfg = Release|Any CPU
		{99BABA38-33F6-417E-9F6C-35688396996C}.Release|Any CPU.Build.0 = Release|Any CPU
		{A29CFC0D-B2A9-4C4D-BD76-CD1AF1EA4F42}.Debug|Any CPU.ActiveCfg = Debug|Any CPU
		{A29CFC0D-B2A9-4C4D-BD76-CD1AF1EA4F42}.Debug|Any CPU.Build.0 = Debug|Any CPU
		{A29CFC0D-B2A9-4C4D-BD76-CD1AF1EA4F42}.Release|Any CPU.ActiveCfg = Release|Any CPU
		{A29CFC0D-B2A9-4C4D-BD76-CD1AF1EA4F42}.Release|Any CPU.Build.0 = Release|Any CPU
		{77D93B72-F82E-45A4-9541-F7EA027D0D63}.Debug|Any CPU.ActiveCfg = Debug|Any CPU
		{77D93B72-F82E-45A4-9541-F7EA027D0D63}.Debug|Any CPU.Build.0 = Debug|Any CPU
		{77D93B72-F82E-45A4-9541-F7EA027D0D63}.Release|Any CPU.ActiveCfg = Release|Any CPU
		{77D93B72-F82E-45A4-9541-F7EA027D0D63}.Release|Any CPU.Build.0 = Release|Any CPU
		{78285845-8BFC-47EA-AE42-D8557758429B}.Debug|Any CPU.ActiveCfg = Debug|Any CPU
		{78285845-8BFC-47EA-AE42-D8557758429B}.Debug|Any CPU.Build.0 = Debug|Any CPU
		{78285845-8BFC-47EA-AE42-D8557758429B}.Release|Any CPU.ActiveCfg = Release|Any CPU
		{78285845-8BFC-47EA-AE42-D8557758429B}.Release|Any CPU.Build.0 = Release|Any CPU
	EndGlobalSection
	GlobalSection(SolutionProperties) = preSolution
		HideSolutionNode = FALSE
	EndGlobalSection
	GlobalSection(NestedProjects) = preSolution
		{68C6E3C8-7E09-4B73-89FF-998386AA5A61} = {4041E01C-633D-4870-977B-658AECE0DCC3}
		{A2491F84-7FA0-4DC3-9947-17E9B72DA81D} = {4041E01C-633D-4870-977B-658AECE0DCC3}
		{D1154BAC-2AC5-4248-B965-88590AA4A5A3} = {4041E01C-633D-4870-977B-658AECE0DCC3}
		{E9D75914-4473-44F3-A4E4-4773A968AF7F} = {4041E01C-633D-4870-977B-658AECE0DCC3}
		{59F29975-4C09-4E10-8584-2B0CEC15F39E} = {32148677-C02C-4550-8551-95E7EFBAA8AC}
		{4041E01C-633D-4870-977B-658AECE0DCC3} = {2A46CADD-4F58-4382-9FBE-C04029BCB7DD}
		{32148677-C02C-4550-8551-95E7EFBAA8AC} = {2A46CADD-4F58-4382-9FBE-C04029BCB7DD}
		{99BABA38-33F6-417E-9F6C-35688396996C} = {FBFECA41-974F-442B-A5F1-E9A7469F973C}
		{77D93B72-F82E-45A4-9541-F7EA027D0D63} = {FBFECA41-974F-442B-A5F1-E9A7469F973C}
		{78285845-8BFC-47EA-AE42-D8557758429B} = {FBFECA41-974F-442B-A5F1-E9A7469F973C}
	EndGlobalSection
	GlobalSection(ExtensibilityGlobals) = postSolution
		SolutionGuid = {A97A5D08-2D93-45C0-95E1-CAD69D5782F2}
	EndGlobalSection
EndGlobal
